
Microsoft Visual Studio Solution File, Format Version 12.00
# Visual Studio 15
VisualStudioVersion = 15.0.26730.16
MinimumVisualStudioVersion = 10.0.40219.1
Project("{9A19103F-16F7-4668-BE54-9A1E7A4F7556}") = "PFSC.Web", "PFSC.Web\PFSC.Web.csproj", "{78F5E08D-3CBC-49F7-AC5A-B0548EBDB32B}"
EndProject
Project("{9A19103F-16F7-4668-BE54-9A1E7A4F7556}") = "PFSC.Services", "PFSC.Services\PFSC.Services.csproj", "{6AB1CC6C-C8AB-45C6-9249-272C041CBF6B}"
EndProject
Project("{9A19103F-16F7-4668-BE54-9A1E7A4F7556}") = "PFSC.Models", "PFSC.Models\PFSC.Models.csproj", "{B2735382-16EF-40D3-AF77-3B94E09A5E87}"
EndProject
Project("{9A19103F-16F7-4668-BE54-9A1E7A4F7556}") = "PFSC.Entities", "PFSC.Entities\PFSC.Entities.csproj", "{354ABF6F-E58C-4F21-8339-CC75FB131F70}"
EndProject
Project("{00D1A9C2-B5F0-4AF3-8072-F6C62B433612}") = "PFSC.Database", "PFSC.Database\PFSC.Database.sqlproj", "{AB73EA9A-6779-4677-A6E8-D6C23CEBA955}"
EndProject
Project("{9A19103F-16F7-4668-BE54-9A1E7A4F7556}") = "PFSC.WebUI", "PFSC.WebUI\PFSC.WebUI.csproj", "{C5CB192C-68BB-47E7-A71B-93B358A71DF3}"
EndProject
Global
	GlobalSection(SolutionConfigurationPlatforms) = preSolution
		Debug|Any CPU = Debug|Any CPU
		Release|Any CPU = Release|Any CPU
	EndGlobalSection
	GlobalSection(ProjectConfigurationPlatforms) = postSolution
		{78F5E08D-3CBC-49F7-AC5A-B0548EBDB32B}.Debug|Any CPU.ActiveCfg = Debug|Any CPU
		{78F5E08D-3CBC-49F7-AC5A-B0548EBDB32B}.Debug|Any CPU.Build.0 = Debug|Any CPU
		{78F5E08D-3CBC-49F7-AC5A-B0548EBDB32B}.Release|Any CPU.ActiveCfg = Release|Any CPU
		{78F5E08D-3CBC-49F7-AC5A-B0548EBDB32B}.Release|Any CPU.Build.0 = Release|Any CPU
		{6AB1CC6C-C8AB-45C6-9249-272C041CBF6B}.Debug|Any CPU.ActiveCfg = Debug|Any CPU
		{6AB1CC6C-C8AB-45C6-9249-272C041CBF6B}.Debug|Any CPU.Build.0 = Debug|Any CPU
		{6AB1CC6C-C8AB-45C6-9249-272C041CBF6B}.Release|Any CPU.ActiveCfg = Release|Any CPU
		{6AB1CC6C-C8AB-45C6-9249-272C041CBF6B}.Release|Any CPU.Build.0 = Release|Any CPU
		{B2735382-16EF-40D3-AF77-3B94E09A5E87}.Debug|Any CPU.ActiveCfg = Debug|Any CPU
		{B2735382-16EF-40D3-AF77-3B94E09A5E87}.Debug|Any CPU.Build.0 = Debug|Any CPU
		{B2735382-16EF-40D3-AF77-3B94E09A5E87}.Release|Any CPU.ActiveCfg = Release|Any CPU
		{B2735382-16EF-40D3-AF77-3B94E09A5E87}.Release|Any CPU.Build.0 = Release|Any CPU
		{354ABF6F-E58C-4F21-8339-CC75FB131F70}.Debug|Any CPU.ActiveCfg = Debug|Any CPU
		{354ABF6F-E58C-4F21-8339-CC75FB131F70}.Debug|Any CPU.Build.0 = Debug|Any CPU
		{354ABF6F-E58C-4F21-8339-CC75FB131F70}.Release|Any CPU.ActiveCfg = Release|Any CPU
		{354ABF6F-E58C-4F21-8339-CC75FB131F70}.Release|Any CPU.Build.0 = Release|Any CPU
		{AB73EA9A-6779-4677-A6E8-D6C23CEBA955}.Debug|Any CPU.ActiveCfg = Debug|Any CPU
		{AB73EA9A-6779-4677-A6E8-D6C23CEBA955}.Debug|Any CPU.Build.0 = Debug|Any CPU
		{AB73EA9A-6779-4677-A6E8-D6C23CEBA955}.Debug|Any CPU.Deploy.0 = Debug|Any CPU
		{AB73EA9A-6779-4677-A6E8-D6C23CEBA955}.Release|Any CPU.ActiveCfg = Release|Any CPU
		{AB73EA9A-6779-4677-A6E8-D6C23CEBA955}.Release|Any CPU.Build.0 = Release|Any CPU
		{AB73EA9A-6779-4677-A6E8-D6C23CEBA955}.Release|Any CPU.Deploy.0 = Release|Any CPU
		{C5CB192C-68BB-47E7-A71B-93B358A71DF3}.Debug|Any CPU.ActiveCfg = Debug|Any CPU
		{C5CB192C-68BB-47E7-A71B-93B358A71DF3}.Debug|Any CPU.Build.0 = Debug|Any CPU
		{C5CB192C-68BB-47E7-A71B-93B358A71DF3}.Release|Any CPU.ActiveCfg = Release|Any CPU
		{C5CB192C-68BB-47E7-A71B-93B358A71DF3}.Release|Any CPU.Build.0 = Release|Any CPU
	EndGlobalSection
	GlobalSection(SolutionProperties) = preSolution
		HideSolutionNode = FALSE
	EndGlobalSection
	GlobalSection(ExtensibilityGlobals) = postSolution
		SolutionGuid = {B7A670C2-0A6F-4416-BE36-C549A866FA6E}
	EndGlobalSection
EndGlobal
